<Solution>
  <Folder Name="/src/">
    <Project Path="src/DeviceCredentialBroker.Api/DeviceCredentialBroker.Api.csproj" />
    <Project Path="src/DeviceCredentialBroker.Application/DeviceCredentialBroker.Application.csproj" />
    <Project Path="src/DeviceCredentialBroker.Domain/DeviceCredentialBroker.Domain.csproj" />
    <Project Path="src/DeviceCredentialBroker.Infrastructure/DeviceCredentialBroker.Infrastructure.csproj" />
    <Project Path="src/DeviceCredentialBroker.Authentication/DeviceCredentialBroker.Authentication.csproj" />
    <Project Path="src/DeviceCredentialBroker.CyberArk/DeviceCredentialBroker.CyberArk.csproj" />
    <Project Path="src/DeviceCredentialBroker.Graph/DeviceCredentialBroker.Graph.csproj" />
  </Folder>
  <Folder Name="/tests/">
    <Project Path="tests/DeviceCredentialBroker.UnitTests/DeviceCredentialBroker.UnitTests.csproj" />
    <Project Path="tests/DeviceCredentialBroker.Authentication.Tests/DeviceCredentialBroker.Authentication.Tests.csproj" />
    <Project Path="tests/DeviceCredentialBroker.CyberArk.Tests/DeviceCredentialBroker.CyberArk.Tests.csproj" />
    <Project Path="tests/DeviceCredentialBroker.Security.Tests/DeviceCredentialBroker.Security.Tests.csproj" />
    <Project Path="tests/DeviceCredentialBroker.IntegrationTests/DeviceCredentialBroker.IntegrationTests.csproj" />
  </Folder>
</Solution>
